
Microsoft Visual Studio Solution File, Format Version 12.00
# Visual Studio Version 17
VisualStudioVersion = 17.1.32210.238
MinimumVisualStudioVersion = 10.0.40219.1
Project("{FAE04EC0-301F-11D3-BF4B-00C04F79EFBC}") = "23MartTask2", "23MartTask2\23MartTask2.csproj", "{9024A522-795B-449F-8D0E-68B4D8DC6279}"
EndProject
Global
	GlobalSection(SolutionConfigurationPlatforms) = preSolution
		Debug|Any CPU = Debug|Any CPU
		Release|Any CPU = Release|Any CPU
	EndGlobalSection
	GlobalSection(ProjectConfigurationPlatforms) = postSolution
		{9024A522-795B-449F-8D0E-68B4D8DC6279}.Debug|Any CPU.ActiveCfg = Debug|Any CPU
		{9024A522-795B-449F-8D0E-68B4D8DC6279}.Debug|Any CPU.Build.0 = Debug|Any CPU
		{9024A522-795B-449F-8D0E-68B4D8DC6279}.Release|Any CPU.ActiveCfg = Release|Any CPU
		{9024A522-795B-449F-8D0E-68B4D8DC6279}.Release|Any CPU.Build.0 = Release|Any CPU
	EndGlobalSection
	GlobalSection(SolutionProperties) = preSolution
		HideSolutionNode = FALSE
	EndGlobalSection
	GlobalSection(ExtensibilityGlobals) = postSolution
		SolutionGuid = {28156188-3042-4381-BC26-72E92A7E7CA1}
	EndGlobalSection
EndGlobal
